{
  "name": "easy-network",
  "version": "1.0.0",
  "lockfileVersion": 1,
  "requires": true,
  "dependencies": {
    "easy-event": {
      "version": "1.2.0",
      "resolved": "https://registry.npmjs.org/easy-event/-/easy-event-1.2.0.tgz",
      "integrity": "sha512-o+laPnCnuCAU2HjFU/MIExXpEt20SJXmLJ5ZQ+wpN2eH69h6/ptPqP+O5/u+zs2apwqMICluF/4x8JD0hSI0Yw=="
    }
  }
}
